
Microsoft Visual Studio Solution File, Format Version 12.00
# Visual Studio Version 17
VisualStudioVersion = 17.3.32929.385
MinimumVisualStudioVersion = 10.0.40219.1
Project("{FAE04EC0-301F-11D3-BF4B-00C04F79EFBC}") = "Course", "ResolvedExerciseSet\Course.csproj", "{EF440F84-D084-48DD-B45A-3C600AB8FE50}"
EndProject
Global
	GlobalSection(SolutionConfigurationPlatforms) = preSolution
		Debug|Any CPU = Debug|Any CPU
		Release|Any CPU = Release|Any CPU
	EndGlobalSection
	GlobalSection(ProjectConfigurationPlatforms) = postSolution
		{EF440F84-D084-48DD-B45A-3C600AB8FE50}.Debug|Any CPU.ActiveCfg = Debug|Any CPU
		{EF440F84-D084-48DD-B45A-3C600AB8FE50}.Debug|Any CPU.Build.0 = Debug|Any CPU
		{EF440F84-D084-48DD-B45A-3C600AB8FE50}.Release|Any CPU.ActiveCfg = Release|Any CPU
		{EF440F84-D084-48DD-B45A-3C600AB8FE50}.Release|Any CPU.Build.0 = Release|Any CPU
	EndGlobalSection
	GlobalSection(SolutionProperties) = preSolution
		HideSolutionNode = FALSE
	EndGlobalSection
	GlobalSection(ExtensibilityGlobals) = postSolution
		SolutionGuid = {3DB153FF-8DBC-47E8-9A02-5A20EC2027D3}
	EndGlobalSection
EndGlobal
