
Microsoft Visual Studio Solution File, Format Version 12.00
# Visual Studio Version 17
VisualStudioVersion = 17.3.32929.385
MinimumVisualStudioVersion = 10.0.40219.1
Project("{FAE04EC0-301F-11D3-BF4B-00C04F79EFBC}") = "VectorsPartTwo", "VectorsPartTwo\VectorsPartTwo.csproj", "{2070422C-1254-4FC2-AC1F-C8FA312C83CE}"
EndProject
Global
	GlobalSection(SolutionConfigurationPlatforms) = preSolution
		Debug|Any CPU = Debug|Any CPU
		Release|Any CPU = Release|Any CPU
	EndGlobalSection
	GlobalSection(ProjectConfigurationPlatforms) = postSolution
		{2070422C-1254-4FC2-AC1F-C8FA312C83CE}.Debug|Any CPU.ActiveCfg = Debug|Any CPU
		{2070422C-1254-4FC2-AC1F-C8FA312C83CE}.Debug|Any CPU.Build.0 = Debug|Any CPU
		{2070422C-1254-4FC2-AC1F-C8FA312C83CE}.Release|Any CPU.ActiveCfg = Release|Any CPU
		{2070422C-1254-4FC2-AC1F-C8FA312C83CE}.Release|Any CPU.Build.0 = Release|Any CPU
	EndGlobalSection
	GlobalSection(SolutionProperties) = preSolution
		HideSolutionNode = FALSE
	EndGlobalSection
	GlobalSection(ExtensibilityGlobals) = postSolution
		SolutionGuid = {1A783FED-A291-454B-9492-A112E8E3E316}
	EndGlobalSection
EndGlobal
