
Microsoft Visual Studio Solution File, Format Version 12.00
# Visual Studio Version 17
VisualStudioVersion = 17.3.32929.385
MinimumVisualStudioVersion = 10.0.40219.1
Project("{FAE04EC0-301F-11D3-BF4B-00C04F79EFBC}") = "Program", "IComparable\Program.csproj", "{B1C51B3A-9467-445E-B90B-C8FB6DCA75C4}"
EndProject
Global
	GlobalSection(SolutionConfigurationPlatforms) = preSolution
		Debug|Any CPU = Debug|Any CPU
		Release|Any CPU = Release|Any CPU
	EndGlobalSection
	GlobalSection(ProjectConfigurationPlatforms) = postSolution
		{B1C51B3A-9467-445E-B90B-C8FB6DCA75C4}.Debug|Any CPU.ActiveCfg = Debug|Any CPU
		{B1C51B3A-9467-445E-B90B-C8FB6DCA75C4}.Debug|Any CPU.Build.0 = Debug|Any CPU
		{B1C51B3A-9467-445E-B90B-C8FB6DCA75C4}.Release|Any CPU.ActiveCfg = Release|Any CPU
		{B1C51B3A-9467-445E-B90B-C8FB6DCA75C4}.Release|Any CPU.Build.0 = Release|Any CPU
	EndGlobalSection
	GlobalSection(SolutionProperties) = preSolution
		HideSolutionNode = FALSE
	EndGlobalSection
	GlobalSection(ExtensibilityGlobals) = postSolution
		SolutionGuid = {1D3E7886-6A4D-4E3E-8990-C1E3FE55A741}
	EndGlobalSection
EndGlobal
